
Microsoft Visual Studio Solution File, Format Version 12.00
# Visual Studio Version 16
VisualStudioVersion = 16.0.30621.155
MinimumVisualStudioVersion = 10.0.40219.1
Project("{FAE04EC0-301F-11D3-BF4B-00C04F79EFBC}") = "First3dDX", "First3dDX\First3dDX.csproj", "{C38341F5-61B8-484B-B436-4A11EE45D380}"
EndProject
Project("{D954291E-2A0B-460D-934E-DC6B0785DB48}") = "TileEngine", "TileEngine\TileEngine.shproj", "{A0CDBD0E-3A41-42B7-9425-A838BC2C7383}"
EndProject
Global
	GlobalSection(SharedMSBuildProjectFiles) = preSolution
		TileEngine\TileEngine.projitems*{a0cdbd0e-3a41-42b7-9425-a838bc2c7383}*SharedItemsImports = 13
		TileEngine\TileEngine.projitems*{c38341f5-61b8-484b-b436-4a11ee45d380}*SharedItemsImports = 5
	EndGlobalSection
	GlobalSection(SolutionConfigurationPlatforms) = preSolution
		Debug|Any CPU = Debug|Any CPU
		Release|Any CPU = Release|Any CPU
	EndGlobalSection
	GlobalSection(ProjectConfigurationPlatforms) = postSolution
		{C38341F5-61B8-484B-B436-4A11EE45D380}.Debug|Any CPU.ActiveCfg = Debug|Any CPU
		{C38341F5-61B8-484B-B436-4A11EE45D380}.Debug|Any CPU.Build.0 = Debug|Any CPU
		{C38341F5-61B8-484B-B436-4A11EE45D380}.Release|Any CPU.ActiveCfg = Release|Any CPU
		{C38341F5-61B8-484B-B436-4A11EE45D380}.Release|Any CPU.Build.0 = Release|Any CPU
	EndGlobalSection
	GlobalSection(SolutionProperties) = preSolution
		HideSolutionNode = FALSE
	EndGlobalSection
	GlobalSection(ExtensibilityGlobals) = postSolution
		SolutionGuid = {CE02EEDA-BFBC-45C5-8BEC-6953490983A8}
	EndGlobalSection
EndGlobal
